
Microsoft Visual Studio Solution File, Format Version 12.00
# Visual Studio Version 17
VisualStudioVersion = 17.10.35122.118
MinimumVisualStudioVersion = 10.0.40219.1
Project("{8BC9CEB8-8B4A-11D0-8D11-00A0C91BC942}") = "CUDA_AES256_Implementation", "CUDA_AES256_Implementation\CUDA_AES256_Implementation.vcxproj", "{3496FD74-E9A7-4CCD-960B-6962839D015D}"
EndProject
Global
	GlobalSection(SolutionConfigurationPlatforms) = preSolution
		Debug|x64 = Debug|x64
		Release|x64 = Release|x64
	EndGlobalSection
	GlobalSection(ProjectConfigurationPlatforms) = postSolution
		{3496FD74-E9A7-4CCD-960B-6962839D015D}.Debug|x64.ActiveCfg = Debug|x64
		{3496FD74-E9A7-4CCD-960B-6962839D015D}.Debug|x64.Build.0 = Debug|x64
		{3496FD74-E9A7-4CCD-960B-6962839D015D}.Release|x64.ActiveCfg = Release|x64
		{3496FD74-E9A7-4CCD-960B-6962839D015D}.Release|x64.Build.0 = Release|x64
	EndGlobalSection
	GlobalSection(SolutionProperties) = preSolution
		HideSolutionNode = FALSE
	EndGlobalSection
	GlobalSection(ExtensibilityGlobals) = postSolution
		SolutionGuid = {8BA44AC9-60B0-4229-BB18-B0ECE6C30D2B}
	EndGlobalSection
EndGlobal
